
Microsoft Visual Studio Solution File, Format Version 12.00
# Visual Studio 2013
VisualStudioVersion = 12.0.40629.0
MinimumVisualStudioVersion = 10.0.40219.1
Project("{FAE04EC0-301F-11D3-BF4B-00C04F79EFBC}") = "SuperDocSearcher", "SuperDocSearcher\SuperDocSearcher.csproj", "{3A35899F-C82D-436E-9B30-C84E04A942D7}"
EndProject
Global
	GlobalSection(SolutionConfigurationPlatforms) = preSolution
		Debug|Any CPU = Debug|Any CPU
		Release|Any CPU = Release|Any CPU
	EndGlobalSection
	GlobalSection(ProjectConfigurationPlatforms) = postSolution
		{3A35899F-C82D-436E-9B30-C84E04A942D7}.Debug|Any CPU.ActiveCfg = Debug|Any CPU
		{3A35899F-C82D-436E-9B30-C84E04A942D7}.Debug|Any CPU.Build.0 = Debug|Any CPU
		{3A35899F-C82D-436E-9B30-C84E04A942D7}.Release|Any CPU.ActiveCfg = Release|Any CPU
		{3A35899F-C82D-436E-9B30-C84E04A942D7}.Release|Any CPU.Build.0 = Release|Any CPU
	EndGlobalSection
	GlobalSection(SolutionProperties) = preSolution
		HideSolutionNode = FALSE
	EndGlobalSection
EndGlobal
